
Microsoft Visual Studio Solution File, Format Version 12.00
# Visual Studio Version 17
VisualStudioVersion = 17.0.31903.59
MinimumVisualStudioVersion = 10.0.40219.1
Project("{FAE04EC0-301F-11D3-BF4B-00C04F79EFBC}") = "GrpcStudentsServer", "GrpcStudentsServer\GrpcStudentsServer.csproj", "{161805F2-F202-4327-891A-711321BF8823}"
EndProject
Project("{FAE04EC0-301F-11D3-BF4B-00C04F79EFBC}") = "GrpcStudentsClient", "GrpcStudentsClient\GrpcStudentsClient.csproj", "{DB71CD13-0AD8-4981-8A96-10302E53C737}"
EndProject
Project("{FAE04EC0-301F-11D3-BF4B-00C04F79EFBC}") = "BlazorGrpcClient", "BlazorGrpcClient\BlazorGrpcClient.csproj", "{9A174241-FD0D-4BCB-933D-21922BAA963A}"
EndProject
Project("{FAE04EC0-301F-11D3-BF4B-00C04F79EFBC}") = "GrpcBasics.AppHost", "GrpcBasics.AppHost\GrpcBasics.AppHost.csproj", "{88C6392C-93D6-494A-8B98-7F5CC4474FF3}"
EndProject
Project("{FAE04EC0-301F-11D3-BF4B-00C04F79EFBC}") = "GrpcBasics.ServiceDefaults", "GrpcBasics.ServiceDefaults\GrpcBasics.ServiceDefaults.csproj", "{E2D85B5A-1506-4AB6-A8AA-50029908BB5B}"
EndProject
Global
	GlobalSection(SolutionConfigurationPlatforms) = preSolution
		Debug|Any CPU = Debug|Any CPU
		Debug|x64 = Debug|x64
		Debug|x86 = Debug|x86
		Release|Any CPU = Release|Any CPU
		Release|x64 = Release|x64
		Release|x86 = Release|x86
	EndGlobalSection
	GlobalSection(ProjectConfigurationPlatforms) = postSolution
		{161805F2-F202-4327-891A-711321BF8823}.Debug|Any CPU.ActiveCfg = Debug|Any CPU
		{161805F2-F202-4327-891A-711321BF8823}.Debug|Any CPU.Build.0 = Debug|Any CPU
		{161805F2-F202-4327-891A-711321BF8823}.Debug|x64.ActiveCfg = Debug|Any CPU
		{161805F2-F202-4327-891A-711321BF8823}.Debug|x64.Build.0 = Debug|Any CPU
		{161805F2-F202-4327-891A-711321BF8823}.Debug|x86.ActiveCfg = Debug|Any CPU
		{161805F2-F202-4327-891A-711321BF8823}.Debug|x86.Build.0 = Debug|Any CPU
		{161805F2-F202-4327-891A-711321BF8823}.Release|Any CPU.ActiveCfg = Release|Any CPU
		{161805F2-F202-4327-891A-711321BF8823}.Release|Any CPU.Build.0 = Release|Any CPU
		{161805F2-F202-4327-891A-711321BF8823}.Release|x64.ActiveCfg = Release|Any CPU
		{161805F2-F202-4327-891A-711321BF8823}.Release|x64.Build.0 = Release|Any CPU
		{161805F2-F202-4327-891A-711321BF8823}.Release|x86.ActiveCfg = Release|Any CPU
		{161805F2-F202-4327-891A-711321BF8823}.Release|x86.Build.0 = Release|Any CPU
		{DB71CD13-0AD8-4981-8A96-10302E53C737}.Debug|Any CPU.ActiveCfg = Debug|Any CPU
		{DB71CD13-0AD8-4981-8A96-10302E53C737}.Debug|Any CPU.Build.0 = Debug|Any CPU
		{DB71CD13-0AD8-4981-8A96-10302E53C737}.Debug|x64.ActiveCfg = Debug|Any CPU
		{DB71CD13-0AD8-4981-8A96-10302E53C737}.Debug|x64.Build.0 = Debug|Any CPU
		{DB71CD13-0AD8-4981-8A96-10302E53C737}.Debug|x86.ActiveCfg = Debug|Any CPU
		{DB71CD13-0AD8-4981-8A96-10302E53C737}.Debug|x86.Build.0 = Debug|Any CPU
		{DB71CD13-0AD8-4981-8A96-10302E53C737}.Release|Any CPU.ActiveCfg = Release|Any CPU
		{DB71CD13-0AD8-4981-8A96-10302E53C737}.Release|Any CPU.Build.0 = Release|Any CPU
		{DB71CD13-0AD8-4981-8A96-10302E53C737}.Release|x64.ActiveCfg = Release|Any CPU
		{DB71CD13-0AD8-4981-8A96-10302E53C737}.Release|x64.Build.0 = Release|Any CPU
		{DB71CD13-0AD8-4981-8A96-10302E53C737}.Release|x86.ActiveCfg = Release|Any CPU
		{DB71CD13-0AD8-4981-8A96-10302E53C737}.Release|x86.Build.0 = Release|Any CPU
		{9A174241-FD0D-4BCB-933D-21922BAA963A}.Debug|Any CPU.ActiveCfg = Debug|Any CPU
		{9A174241-FD0D-4BCB-933D-21922BAA963A}.Debug|Any CPU.Build.0 = Debug|Any CPU
		{9A174241-FD0D-4BCB-933D-21922BAA963A}.Debug|x64.ActiveCfg = Debug|Any CPU
		{9A174241-FD0D-4BCB-933D-21922BAA963A}.Debug|x64.Build.0 = Debug|Any CPU
		{9A174241-FD0D-4BCB-933D-21922BAA963A}.Debug|x86.ActiveCfg = Debug|Any CPU
		{9A174241-FD0D-4BCB-933D-21922BAA963A}.Debug|x86.Build.0 = Debug|Any CPU
		{9A174241-FD0D-4BCB-933D-21922BAA963A}.Release|Any CPU.ActiveCfg = Release|Any CPU
		{9A174241-FD0D-4BCB-933D-21922BAA963A}.Release|Any CPU.Build.0 = Release|Any CPU
		{9A174241-FD0D-4BCB-933D-21922BAA963A}.Release|x64.ActiveCfg = Release|Any CPU
		{9A174241-FD0D-4BCB-933D-21922BAA963A}.Release|x64.Build.0 = Release|Any CPU
		{9A174241-FD0D-4BCB-933D-21922BAA963A}.Release|x86.ActiveCfg = Release|Any CPU
		{9A174241-FD0D-4BCB-933D-21922BAA963A}.Release|x86.Build.0 = Release|Any CPU
		{88C6392C-93D6-494A-8B98-7F5CC4474FF3}.Debug|Any CPU.ActiveCfg = Debug|Any CPU
		{88C6392C-93D6-494A-8B98-7F5CC4474FF3}.Debug|Any CPU.Build.0 = Debug|Any CPU
		{88C6392C-93D6-494A-8B98-7F5CC4474FF3}.Debug|x64.ActiveCfg = Debug|Any CPU
		{88C6392C-93D6-494A-8B98-7F5CC4474FF3}.Debug|x64.Build.0 = Debug|Any CPU
		{88C6392C-93D6-494A-8B98-7F5CC4474FF3}.Debug|x86.ActiveCfg = Debug|Any CPU
		{88C6392C-93D6-494A-8B98-7F5CC4474FF3}.Debug|x86.Build.0 = Debug|Any CPU
		{88C6392C-93D6-494A-8B98-7F5CC4474FF3}.Release|Any CPU.ActiveCfg = Release|Any CPU
		{88C6392C-93D6-494A-8B98-7F5CC4474FF3}.Release|Any CPU.Build.0 = Release|Any CPU
		{88C6392C-93D6-494A-8B98-7F5CC4474FF3}.Release|x64.ActiveCfg = Release|Any CPU
		{88C6392C-93D6-494A-8B98-7F5CC4474FF3}.Release|x64.Build.0 = Release|Any CPU
		{88C6392C-93D6-494A-8B98-7F5CC4474FF3}.Release|x86.ActiveCfg = Release|Any CPU
		{88C6392C-93D6-494A-8B98-7F5CC4474FF3}.Release|x86.Build.0 = Release|Any CPU
		{E2D85B5A-1506-4AB6-A8AA-50029908BB5B}.Debug|Any CPU.ActiveCfg = Debug|Any CPU
		{E2D85B5A-1506-4AB6-A8AA-50029908BB5B}.Debug|Any CPU.Build.0 = Debug|Any CPU
		{E2D85B5A-1506-4AB6-A8AA-50029908BB5B}.Debug|x64.ActiveCfg = Debug|Any CPU
		{E2D85B5A-1506-4AB6-A8AA-50029908BB5B}.Debug|x64.Build.0 = Debug|Any CPU
		{E2D85B5A-1506-4AB6-A8AA-50029908BB5B}.Debug|x86.ActiveCfg = Debug|Any CPU
		{E2D85B5A-1506-4AB6-A8AA-50029908BB5B}.Debug|x86.Build.0 = Debug|Any CPU
		{E2D85B5A-1506-4AB6-A8AA-50029908BB5B}.Release|Any CPU.ActiveCfg = Release|Any CPU
		{E2D85B5A-1506-4AB6-A8AA-50029908BB5B}.Release|Any CPU.Build.0 = Release|Any CPU
		{E2D85B5A-1506-4AB6-A8AA-50029908BB5B}.Release|x64.ActiveCfg = Release|Any CPU
		{E2D85B5A-1506-4AB6-A8AA-50029908BB5B}.Release|x64.Build.0 = Release|Any CPU
		{E2D85B5A-1506-4AB6-A8AA-50029908BB5B}.Release|x86.ActiveCfg = Release|Any CPU
		{E2D85B5A-1506-4AB6-A8AA-50029908BB5B}.Release|x86.Build.0 = Release|Any CPU
	EndGlobalSection
	GlobalSection(SolutionProperties) = preSolution
		HideSolutionNode = FALSE
	EndGlobalSection
EndGlobal
